
Microsoft Visual Studio Solution File, Format Version 12.00
# Visual Studio Version 17
VisualStudioVersion = 17.11.35327.3
MinimumVisualStudioVersion = 10.0.40219.1
Project("{FAE04EC0-301F-11D3-BF4B-00C04F79EFBC}") = "Vlad_Crisan_Lab2", "Vlad_Crisan_Lab2\Vlad_Crisan_Lab2.csproj", "{0CDE7EF3-418B-4A17-86FD-9719FD76FDB7}"
EndProject
Global
	GlobalSection(SolutionConfigurationPlatforms) = preSolution
		Debug|Any CPU = Debug|Any CPU
		Release|Any CPU = Release|Any CPU
	EndGlobalSection
	GlobalSection(ProjectConfigurationPlatforms) = postSolution
		{0CDE7EF3-418B-4A17-86FD-9719FD76FDB7}.Debug|Any CPU.ActiveCfg = Debug|Any CPU
		{0CDE7EF3-418B-4A17-86FD-9719FD76FDB7}.Debug|Any CPU.Build.0 = Debug|Any CPU
		{0CDE7EF3-418B-4A17-86FD-9719FD76FDB7}.Release|Any CPU.ActiveCfg = Release|Any CPU
		{0CDE7EF3-418B-4A17-86FD-9719FD76FDB7}.Release|Any CPU.Build.0 = Release|Any CPU
	EndGlobalSection
	GlobalSection(SolutionProperties) = preSolution
		HideSolutionNode = FALSE
	EndGlobalSection
	GlobalSection(ExtensibilityGlobals) = postSolution
		SolutionGuid = {74761681-8406-4B36-8C7D-A3D472AA429D}
	EndGlobalSection
EndGlobal
